// !$*UTF8*$!
{
	archiveVersion = 1;
	classes = {
	};
	objectVersion = 48;
	objects = {

/* Begin PBXBuildFile section */
		5054026621851D9200509C51 /* QRViewController.swift in Sources */ = {isa = PBXBuildFile; fileRef = 5054026521851D9200509C51 /* QRViewController.swift */; };
		50C18D44218B6BF6000535A7 /* HouseController.swift in Sources */ = {isa = PBXBuildFile; fileRef = 50C18D43218B6BF6000535A7 /* HouseController.swift */; };
		50D4A8F72191BB0D00AE1F4F /* GalleryController.swift in Sources */ = {isa = PBXBuildFile; fileRef = 50D4A8F62191BB0D00AE1F4F /* GalleryController.swift */; };
		50F2E73C2181F71500F842B2 /* ListController.swift in Sources */ = {isa = PBXBuildFile; fileRef = 50F2E73B2181F71500F842B2 /* ListController.swift */; };
		50F5CD91219831A10049C1DB /* Prompt-Medium.ttf in Resources */ = {isa = PBXBuildFile; fileRef = 50F5CD742198246D0049C1DB /* Prompt-Medium.ttf */; };
		50F5CD92219831A40049C1DB /* rufflescript-demo-webfont.ttf in Resources */ = {isa = PBXBuildFile; fileRef = 50F5CD732198246D0049C1DB /* rufflescript-demo-webfont.ttf */; };
		50F5CD93219831A80049C1DB /* Main.storyboard in Resources */ = {isa = PBXBuildFile; fileRef = 63B119242060F29400A7E3BD /* Main.storyboard */; };
		50F5CD94219831AC0049C1DB /* Assets.xcassets in Resources */ = {isa = PBXBuildFile; fileRef = 63B119272060F29400A7E3BD /* Assets.xcassets */; };
		63B119212060F29400A7E3BD /* AppDelegate.swift in Sources */ = {isa = PBXBuildFile; fileRef = 63B119202060F29400A7E3BD /* AppDelegate.swift */; };
		63B119232060F29400A7E3BD /* ViewController.swift in Sources */ = {isa = PBXBuildFile; fileRef = 63B119222060F29400A7E3BD /* ViewController.swift */; };
/* End PBXBuildFile section */

/* Begin PBXFileReference section */
		5054026521851D9200509C51 /* QRViewController.swift */ = {isa = PBXFileReference; lastKnownFileType = sourcecode.swift; path = QRViewController.swift; sourceTree = "<group>"; };
		50C18D43218B6BF6000535A7 /* HouseController.swift */ = {isa = PBXFileReference; lastKnownFileType = sourcecode.swift; path = HouseController.swift; sourceTree = "<group>"; };
		50D4A8F62191BB0D00AE1F4F /* GalleryController.swift */ = {isa = PBXFileReference; lastKnownFileType = sourcecode.swift; path = GalleryController.swift; sourceTree = "<group>"; };
		50F2E73B2181F71500F842B2 /* ListController.swift */ = {isa = PBXFileReference; lastKnownFileType = sourcecode.swift; path = ListController.swift; sourceTree = "<group>"; };
		50F5CD732198246D0049C1DB /* rufflescript-demo-webfont.ttf */ = {isa = PBXFileReference; lastKnownFileType = file; path = "rufflescript-demo-webfont.ttf"; sourceTree = "<group>"; };
		50F5CD742198246D0049C1DB /* Prompt-Medium.ttf */ = {isa = PBXFileReference; lastKnownFileType = file; path = "Prompt-Medium.ttf"; sourceTree = "<group>"; };
		50F5CD8A21982D050049C1DB /* Info.plist */ = {isa = PBXFileReference; lastKnownFileType = text.plist.xml; name = Info.plist; path = /Users/max/Downloads/StarterProject/ARKitImageRecognition/Info.plist; sourceTree = "<absolute>"; };
		63B1191D2060F29400A7E3BD /* ColorID.app */ = {isa = PBXFileReference; explicitFileType = wrapper.application; includeInIndex = 0; path = ColorID.app; sourceTree = BUILT_PRODUCTS_DIR; };
		63B119202060F29400A7E3BD /* AppDelegate.swift */ = {isa = PBXFileReference; lastKnownFileType = sourcecode.swift; path = AppDelegate.swift; sourceTree = "<group>"; };
		63B119222060F29400A7E3BD /* ViewController.swift */ = {isa = PBXFileReference; lastKnownFileType = sourcecode.swift; path = ViewController.swift; sourceTree = "<group>"; };
		63B119252060F29400A7E3BD /* Base */ = {isa = PBXFileReference; lastKnownFileType = file.storyboard; name = Base; path = Base.lproj/Main.storyboard; sourceTree = "<group>"; };
		63B119272060F29400A7E3BD /* Assets.xcassets */ = {isa = PBXFileReference; lastKnownFileType = folder.assetcatalog; path = Assets.xcassets; sourceTree = "<group>"; };
/* End PBXFileReference section */

/* Begin PBXFrameworksBuildPhase section */
		63B1191A2060F29400A7E3BD /* Frameworks */ = {
			isa = PBXFrameworksBuildPhase;
			buildActionMask = 2147483647;
			files = (
			);
			runOnlyForDeploymentPostprocessing = 0;
		};
/* End PBXFrameworksBuildPhase section */

/* Begin PBXGroup section */
		63B119142060F29400A7E3BD = {
			isa = PBXGroup;
			children = (
				63B1191F2060F29400A7E3BD /* ARKitImageRecognition */,
				63B1191E2060F29400A7E3BD /* Products */,
			);
			sourceTree = "<group>";
		};
		63B1191E2060F29400A7E3BD /* Products */ = {
			isa = PBXGroup;
			children = (
				63B1191D2060F29400A7E3BD /* ColorID.app */,
			);
			name = Products;
			sourceTree = "<group>";
		};
		63B1191F2060F29400A7E3BD /* ARKitImageRecognition */ = {
			isa = PBXGroup;
			children = (
				50F5CD8A21982D050049C1DB /* Info.plist */,
				50F5CD742198246D0049C1DB /* Prompt-Medium.ttf */,
				50F5CD732198246D0049C1DB /* rufflescript-demo-webfont.ttf */,
				63B119202060F29400A7E3BD /* AppDelegate.swift */,
				63B119222060F29400A7E3BD /* ViewController.swift */,
				63B119242060F29400A7E3BD /* Main.storyboard */,
				63B119272060F29400A7E3BD /* Assets.xcassets */,
				50F2E73B2181F71500F842B2 /* ListController.swift */,
				5054026521851D9200509C51 /* QRViewController.swift */,
				50C18D43218B6BF6000535A7 /* HouseController.swift */,
				50D4A8F62191BB0D00AE1F4F /* GalleryController.swift */,
			);
			path = ARKitImageRecognition;
			sourceTree = "<group>";
		};
/* End PBXGroup section */

/* Begin PBXNativeTarget section */
		63B1191C2060F29400A7E3BD /* ARKitImageRecognition */ = {
			isa = PBXNativeTarget;
			buildConfigurationList = 63B1192F2060F29500A7E3BD /* Build configuration list for PBXNativeTarget "ARKitImageRecognition" */;
			buildPhases = (
				63B119192060F29400A7E3BD /* Sources */,
				63B1191A2060F29400A7E3BD /* Frameworks */,
				50F5CD90219831960049C1DB /* Resources */,
			);
			buildRules = (
			);
			dependencies = (
			);
			name = ARKitImageRecognition;
			productName = "Image Recognition";
			productReference = 63B1191D2060F29400A7E3BD /* ColorID.app */;
			productType = "com.apple.product-type.application";
		};
/* End PBXNativeTarget section */

/* Begin PBXProject section */
		63B119152060F29400A7E3BD /* Project object */ = {
			isa = PBXProject;
			attributes = {
				LastSwiftUpdateCheck = 0920;
				LastUpgradeCheck = 0930;
				ORGANIZATIONNAME = "Jayven Nhan";
				TargetAttributes = {
					63B1191C2060F29400A7E3BD = {
						CreatedOnToolsVersion = 9.2;
						ProvisioningStyle = Automatic;
					};
				};
			};
			buildConfigurationList = 63B119182060F29400A7E3BD /* Build configuration list for PBXProject "ARKitImageRecognition" */;
			compatibilityVersion = "Xcode 8.0";
			developmentRegion = en;
			hasScannedForEncodings = 0;
			knownRegions = (
				en,
				Base,
			);
			mainGroup = 63B119142060F29400A7E3BD;
			productRefGroup = 63B1191E2060F29400A7E3BD /* Products */;
			projectDirPath = "";
			projectRoot = "";
			targets = (
				63B1191C2060F29400A7E3BD /* ARKitImageRecognition */,
			);
		};
/* End PBXProject section */

/* Begin PBXResourcesBuildPhase section */
		50F5CD90219831960049C1DB /* Resources */ = {
			isa = PBXResourcesBuildPhase;
			buildActionMask = 2147483647;
			files = (
				50F5CD94219831AC0049C1DB /* Assets.xcassets in Resources */,
				50F5CD93219831A80049C1DB /* Main.storyboard in Resources */,
				50F5CD92219831A40049C1DB /* rufflescript-demo-webfont.ttf in Resources */,
				50F5CD91219831A10049C1DB /* Prompt-Medium.ttf in Resources */,
			);
			runOnlyForDeploymentPostprocessing = 0;
		};
/* End PBXResourcesBuildPhase section */

/* Begin PBXSourcesBuildPhase section */
		63B119192060F29400A7E3BD /* Sources */ = {
			isa = PBXSourcesBuildPhase;
			buildActionMask = 2147483647;
			files = (
				50D4A8F72191BB0D00AE1F4F /* GalleryController.swift in Sources */,
				63B119232060F29400A7E3BD /* ViewController.swift in Sources */,
				50C18D44218B6BF6000535A7 /* HouseController.swift in Sources */,
				63B119212060F29400A7E3BD /* AppDelegate.swift in Sources */,
				50F2E73C2181F71500F842B2 /* ListController.swift in Sources */,
				5054026621851D9200509C51 /* QRViewController.swift in Sources */,
			);
			runOnlyForDeploymentPostprocessing = 0;
		};
/* End PBXSourcesBuildPhase section */

/* Begin PBXVariantGroup section */
		63B119242060F29400A7E3BD /* Main.storyboard */ = {
			isa = PBXVariantGroup;
			children = (
				63B119252060F29400A7E3BD /* Base */,
			);
			name = Main.storyboard;
			sourceTree = "<group>";
		};
/* End PBXVariantGroup section */

/* Begin XCBuildConfiguration section */
		63B1192D2060F29500A7E3BD /* Debug */ = {
			isa = XCBuildConfiguration;
			buildSettings = {
				ALWAYS_SEARCH_USER_PATHS = NO;
				CLANG_ANALYZER_NONNULL = YES;
				CLANG_ANALYZER_NUMBER_OBJECT_CONVERSION = YES_AGGRESSIVE;
				CLANG_CXX_LANGUAGE_STANDARD = "gnu++14";
				CLANG_CXX_LIBRARY = "libc++";
				CLANG_ENABLE_MODULES = YES;
				CLANG_ENABLE_OBJC_ARC = YES;
				CLANG_WARN_BLOCK_CAPTURE_AUTORELEASING = YES;
				CLANG_WARN_BOOL_CONVERSION = YES;
				CLANG_WARN_COMMA = YES;
				CLANG_WARN_CONSTANT_CONVERSION = YES;
				CLANG_WARN_DEPRECATED_OBJC_IMPLEMENTATIONS = YES;
				CLANG_WARN_DIRECT_OBJC_ISA_USAGE = YES_ERROR;
				CLANG_WARN_DOCUMENTATION_COMMENTS = YES;
				CLANG_WARN_EMPTY_BODY = YES;
				CLANG_WARN_ENUM_CONVERSION = YES;
				CLANG_WARN_INFINITE_RECURSION = YES;
				CLANG_WARN_INT_CONVERSION = YES;
				CLANG_WARN_NON_LITERAL_NULL_CONVERSION = YES;
				CLANG_WARN_OBJC_IMPLICIT_RETAIN_SELF = YES;
				CLANG_WARN_OBJC_LITERAL_CONVERSION = YES;
				CLANG_WARN_OBJC_ROOT_CLASS = YES_ERROR;
				CLANG_WARN_RANGE_LOOP_ANALYSIS = YES;
				CLANG_WARN_STRICT_PROTOTYPES = YES;
				CLANG_WARN_SUSPICIOUS_MOVE = YES;
				CLANG_WARN_UNGUARDED_AVAILABILITY = YES_AGGRESSIVE;
				CLANG_WARN_UNREACHABLE_CODE = YES;
				CLANG_WARN__DUPLICATE_METHOD_MATCH = YES;
				CODE_SIGN_IDENTITY = "iPhone Developer";
				COPY_PHASE_STRIP = NO;
				DEBUG_INFORMATION_FORMAT = dwarf;
				ENABLE_STRICT_OBJC_MSGSEND = YES;
				ENABLE_TESTABILITY = YES;
				GCC_C_LANGUAGE_STANDARD = gnu11;
				GCC_DYNAMIC_NO_PIC = NO;
				GCC_NO_COMMON_BLOCKS = YES;
				GCC_OPTIMIZATION_LEVEL = 0;
				GCC_PREPROCESSOR_DEFINITIONS = (
					"DEBUG=1",
					"$(inherited)",
				);
				GCC_WARN_64_TO_32_BIT_CONVERSION = YES;
				GCC_WARN_ABOUT_RETURN_TYPE = YES_ERROR;
				GCC_WARN_UNDECLARED_SELECTOR = YES;
				GCC_WARN_UNINITIALIZED_AUTOS = YES_AGGRESSIVE;
				GCC_WARN_UNUSED_FUNCTION = YES;
				GCC_WARN_UNUSED_VARIABLE = YES;
				"INFOPLIST_FILE[sdk=*]" = "";
				IPHONEOS_DEPLOYMENT_TARGET = 11.2;
				MTL_ENABLE_DEBUG_INFO = YES;
				ONLY_ACTIVE_ARCH = YES;
				SDKROOT = iphoneos;
				SWIFT_ACTIVE_COMPILATION_CONDITIONS = DEBUG;
				SWIFT_OPTIMIZATION_LEVEL = "-Onone";
			};
			name = Debug;
		};
		63B1192E2060F29500A7E3BD /* Release */ = {
			isa = XCBuildConfiguration;
			buildSettings = {
				ALWAYS_SEARCH_USER_PATHS = NO;
				CLANG_ANALYZER_NONNULL = YES;
				CLANG_ANALYZER_NUMBER_OBJECT_CONVERSION = YES_AGGRESSIVE;
				CLANG_CXX_LANGUAGE_STANDARD = "gnu++14";
				CLANG_CXX_LIBRARY = "libc++";
				CLANG_ENABLE_MODULES = YES;
				CLANG_ENABLE_OBJC_ARC = YES;
				CLANG_WARN_BLOCK_CAPTURE_AUTORELEASING = YES;
				CLANG_WARN_BOOL_CONVERSION = YES;
				CLANG_WARN_COMMA = YES;
				CLANG_WARN_CONSTANT_CONVERSION = YES;
				CLANG_WARN_DEPRECATED_OBJC_IMPLEMENTATIONS = YES;
				CLANG_WARN_DIRECT_OBJC_ISA_USAGE = YES_ERROR;
				CLANG_WARN_DOCUMENTATION_COMMENTS = YES;
				CLANG_WARN_EMPTY_BODY = YES;
				CLANG_WARN_ENUM_CONVERSION = YES;
				CLANG_WARN_INFINITE_RECURSION = YES;
				CLANG_WARN_INT_CONVERSION = YES;
				CLANG_WARN_NON_LITERAL_NULL_CONVERSION = YES;
				CLANG_WARN_OBJC_IMPLICIT_RETAIN_SELF = YES;
				CLANG_WARN_OBJC_LITERAL_CONVERSION = YES;
				CLANG_WARN_OBJC_ROOT_CLASS = YES_ERROR;
				CLANG_WARN_RANGE_LOOP_ANALYSIS = YES;
				CLANG_WARN_STRICT_PROTOTYPES = YES;
				CLANG_WARN_SUSPICIOUS_MOVE = YES;
				CLANG_WARN_UNGUARDED_AVAILABILITY = YES_AGGRESSIVE;
				CLANG_WARN_UNREACHABLE_CODE = YES;
				CLANG_WARN__DUPLICATE_METHOD_MATCH = YES;
				CODE_SIGN_IDENTITY = "iPhone Developer";
				COPY_PHASE_STRIP = NO;
				DEBUG_INFORMATION_FORMAT = "dwarf-with-dsym";
				ENABLE_NS_ASSERTIONS = NO;
				ENABLE_STRICT_OBJC_MSGSEND = YES;
				GCC_C_LANGUAGE_STANDARD = gnu11;
				GCC_NO_COMMON_BLOCKS = YES;
				GCC_WARN_64_TO_32_BIT_CONVERSION = YES;
				GCC_WARN_ABOUT_RETURN_TYPE = YES_ERROR;
				GCC_WARN_UNDECLARED_SELECTOR = YES;
				GCC_WARN_UNINITIALIZED_AUTOS = YES_AGGRESSIVE;
				GCC_WARN_UNUSED_FUNCTION = YES;
				GCC_WARN_UNUSED_VARIABLE = YES;
				IPHONEOS_DEPLOYMENT_TARGET = 11.2;
				MTL_ENABLE_DEBUG_INFO = NO;
				SDKROOT = iphoneos;
				SWIFT_OPTIMIZATION_LEVEL = "-Owholemodule";
				VALIDATE_PRODUCT = YES;
			};
			name = Release;
		};
		63B119302060F29500A7E3BD /* Debug */ = {
			isa = XCBuildConfiguration;
			buildSettings = {
				ASSETCATALOG_COMPILER_APPICON_NAME = AppIcon;
				ASSETCATALOG_COMPILER_LAUNCHIMAGE_NAME = LaunchImage;
				CODE_SIGN_STYLE = Automatic;
				DEVELOPMENT_TEAM = Y29J9N2NR9;
				INFOPLIST_FILE = "$(SRCROOT)/ARKitImageRecognition/Info.plist";
				IPHONEOS_DEPLOYMENT_TARGET = 12.0;
				LD_RUNPATH_SEARCH_PATHS = "$(inherited) @executable_path/Frameworks";
				PRODUCT_BUNDLE_IDENTIFIER = thai.colorid.com.haha2;
				PRODUCT_MODULE_NAME = ColorID;
				PRODUCT_NAME = ColorID;
				SWIFT_VERSION = 4.0;
				TARGETED_DEVICE_FAMILY = "1,2";
			};
			name = Debug;
		};
		63B119312060F29500A7E3BD /* Release */ = {
			isa = XCBuildConfiguration;
			buildSettings = {
				ASSETCATALOG_COMPILER_APPICON_NAME = AppIcon;
				ASSETCATALOG_COMPILER_LAUNCHIMAGE_NAME = LaunchImage;
				CODE_SIGN_STYLE = Automatic;
				DEVELOPMENT_TEAM = Y29J9N2NR9;
				INFOPLIST_FILE = "$(SRCROOT)/ARKitImageRecognition/Info.plist";
				IPHONEOS_DEPLOYMENT_TARGET = 12.0;
				LD_RUNPATH_SEARCH_PATHS = "$(inherited) @executable_path/Frameworks";
				PRODUCT_BUNDLE_IDENTIFIER = thai.colorid.com.haha2;
				PRODUCT_MODULE_NAME = ColorID;
				PRODUCT_NAME = ColorID;
				SWIFT_VERSION = 4.0;
				TARGETED_DEVICE_FAMILY = "1,2";
			};
			name = Release;
		};
/* End XCBuildConfiguration section */

/* Begin XCConfigurationList section */
		63B119182060F29400A7E3BD /* Build configuration list for PBXProject "ARKitImageRecognition" */ = {
			isa = XCConfigurationList;
			buildConfigurations = (
				63B1192D2060F29500A7E3BD /* Debug */,
				63B1192E2060F29500A7E3BD /* Release */,
			);
			defaultConfigurationIsVisible = 0;
			defaultConfigurationName = Release;
		};
		63B1192F2060F29500A7E3BD /* Build configuration list for PBXNativeTarget "ARKitImageRecognition" */ = {
			isa = XCConfigurationList;
			buildConfigurations = (
				63B119302060F29500A7E3BD /* Debug */,
				63B119312060F29500A7E3BD /* Release */,
			);
			defaultConfigurationIsVisible = 0;
			defaultConfigurationName = Release;
		};
/* End XCConfigurationList section */
	};
	rootObject = 63B119152060F29400A7E3BD /* Project object */;
}
